{
  "name": "pi-extensions",
  "lockfileVersion": 3,
  "requires": true,
  "packages": {
    "": {
      "name": "pi-extensions",
      "dependencies": {
        "@ff-labs/pi-fff": "^0.10.6"
      }
    },
    "node_modules/@ff-labs/fff-bin-android-arm64": {
      "version": "0.10.6",
      "resolved": "https://registry.npmjs.org/@ff-labs/fff-bin-android-arm64/-/fff-bin-android-arm64-0.10.6.tgz",
      "integrity": "sha512-hGOo0wlxdhObNdK9lTNhNIrzOs99l352E0QqglD/3H1B6LsSVoVHxNeR09RmiSoIM1lOJ+FnkpXOJ5EZXSGl0w==",
      "cpu": [
        "arm64"
      ],
      "license": "MIT",
      "optional": true,
      "os": [
        "android"
      ]
    },
    "node_modules/@ff-labs/fff-bin-darwin-arm64": {
      "version": "0.10.6",
      "resolved": "https://registry.npmjs.org/@ff-labs/fff-bin-darwin-arm64/-/fff-bin-darwin-arm64-0.10.6.tgz",
      "integrity": "sha512-Y0A1f9/UHYg0ej35rnt8Q2A2DMbBzRa4Fc9WpoBST/oVvWOQ7v5JF5ko7NAapOFM0N5oaB9oey1Hsshs6LIyYA==",
      "cpu": [
        "arm64"
      ],
      "license": "MIT",
      "optional": true,
      "os": [
        "darwin"
      ]
    },
    "node_modules/@ff-labs/fff-bin-darwin-x64": {
      "version": "0.10.6",
      "resolved": "https://registry.npmjs.org/@ff-labs/fff-bin-darwin-x64/-/fff-bin-darwin-x64-0.10.6.tgz",
      "integrity": "sha512-qQnmQWnotuOne10vtVHoMKTxCSANaJ3a/cegBKvfN8cZCr4b4Vtg51APADh8U3AwsI/k61rJQgjy6BqdBYj3cw==",
      "cpu": [
        "x64"
      ],
      "license": "MIT",
      "optional": true,
      "os": [
        "darwin"
      ]
    },
    "node_modules/@ff-labs/fff-bin-linux-arm64-gnu": {
      "version": "0.10.6",
      "resolved": "https://registry.npmjs.org/@ff-labs/fff-bin-linux-arm64-gnu/-/fff-bin-linux-arm64-gnu-0.10.6.tgz",
      "integrity": "sha512-JwfgfwL4V0+tJCc1HW3In++1c+EZLix0ecV/k4b+8DyzSGh3GPZB1i7F4JXQFHVibs71mLeFEJO4owglullZNw==",
      "cpu": [
        "arm64"
      ],
      "libc": [
        "glibc"
      ],
      "license": "MIT",
      "optional": true,
      "os": [
        "linux"
      ]
    },
    "node_modules/@ff-labs/fff-bin-linux-arm64-musl": {
      "version": "0.10.6",
      "resolved": "https://registry.npmjs.org/@ff-labs/fff-bin-linux-arm64-musl/-/fff-bin-linux-arm64-musl-0.10.6.tgz",
      "integrity": "sha512-g0ggmohZiVkNQsNho1r6I06sk8jlKmb8gzmmgL8HeDcaxyiZnxQrqxHmvwROP7T0scEbZGSOle/gyyqfcBRvjg==",
      "cpu": [
        "arm64"
      ],
      "libc": [
        "musl"
      ],
      "license": "MIT",
      "optional": true,
      "os": [
        "linux"
      ]
    },
    "node_modules/@ff-labs/fff-bin-linux-x64-gnu": {
      "version": "0.10.6",
      "resolved": "https://registry.npmjs.org/@ff-labs/fff-bin-linux-x64-gnu/-/fff-bin-linux-x64-gnu-0.10.6.tgz",
      "integrity": "sha512-oC8Tlg/+aNbdfEkj4QtVCbrqYUEjQZkP/e1KLwv142+dwjgxHQKQGSIKB67IvP07DKazvUG/0I0YR91dP/ClLA==",
      "cpu": [
        "x64"
      ],
      "libc": [
        "glibc"
      ],
      "license": "MIT",
      "optional": true,
      "os": [
        "linux"
      ]
    },
    "node_modules/@ff-labs/fff-bin-linux-x64-musl": {
      "version": "0.10.6",
      "resolved": "https://registry.npmjs.org/@ff-labs/fff-bin-linux-x64-musl/-/fff-bin-linux-x64-musl-0.10.6.tgz",
      "integrity": "sha512-voj2gFq6knjzXKNy2k7EyqoXizv/VZbJ6bfq7enMI5T+tCM0cKlSEjwlBOMaVj+cxrh6fSb5vnnPjhBSuZcxmA==",
      "cpu": [
        "x64"
      ],
      "libc": [
        "musl"
      ],
      "license": "MIT",
      "optional": true,
      "os": [
        "linux"
      ]
    },
    "node_modules/@ff-labs/fff-bin-win32-arm64": {
      "version": "0.10.6",
      "resolved": "https://registry.npmjs.org/@ff-labs/fff-bin-win32-arm64/-/fff-bin-win32-arm64-0.10.6.tgz",
      "integrity": "sha512-GFfA21vuxcyqZZ2pSq7V5ClAKIVrWLulK5h93wjUc308zyxApY2luJdyIBHtw93UTkJQ079mRMPIthkeCEEn9A==",
      "cpu": [
        "arm64"
      ],
      "license": "MIT",
      "optional": true,
      "os": [
        "win32"
      ]
    },
    "node_modules/@ff-labs/fff-bin-win32-x64": {
      "version": "0.10.6",
      "resolved": "https://registry.npmjs.org/@ff-labs/fff-bin-win32-x64/-/fff-bin-win32-x64-0.10.6.tgz",
      "integrity": "sha512-EjOHtxRNmZnjrNx2fahiAhP2wLDad6tlLL3cIk3snEzHpP30VygZMcuq3u8fNBZOeHgEPGRnqkfhILQDyblvJQ==",
      "cpu": [
        "x64"
      ],
      "license": "MIT",
      "optional": true,
      "os": [
        "win32"
      ]
    },
    "node_modules/@ff-labs/fff-bun": {
      "version": "0.10.6",
      "resolved": "https://registry.npmjs.org/@ff-labs/fff-bun/-/fff-bun-0.10.6.tgz",
      "integrity": "sha512-ShRbXQ9kSIYom5IRpq6d0DE0RUWKIbXhtERPu3q5UN7387IO4gpSYNeBo85IEqD1yqgq86KyKeFJcAliY7RGNg==",
      "cpu": [
        "x64",
        "arm64"
      ],
      "license": "MIT",
      "os": [
        "darwin",
        "linux",
        "win32",
        "android"
      ],
      "engines": {
        "bun": ">=1.0.0"
      },
      "optionalDependencies": {
        "@ff-labs/fff-bin-android-arm64": "0.10.6",
        "@ff-labs/fff-bin-darwin-arm64": "0.10.6",
        "@ff-labs/fff-bin-darwin-x64": "0.10.6",
        "@ff-labs/fff-bin-linux-arm64-gnu": "0.10.6",
        "@ff-labs/fff-bin-linux-arm64-musl": "0.10.6",
        "@ff-labs/fff-bin-linux-x64-gnu": "0.10.6",
        "@ff-labs/fff-bin-linux-x64-musl": "0.10.6",
        "@ff-labs/fff-bin-win32-arm64": "0.10.6",
        "@ff-labs/fff-bin-win32-x64": "0.10.6"
      }
    },
    "node_modules/@ff-labs/fff-node": {
      "version": "0.10.6",
      "resolved": "https://registry.npmjs.org/@ff-labs/fff-node/-/fff-node-0.10.6.tgz",
      "integrity": "sha512-TYp7dgX7IIwwvYTCCHmPs+Ymt/z9w6+kKDfwZhFgU7pFBIHPkmQbLwuwQdUvngvZMgUuHyKTo7irzinjT8UWgQ==",
      "cpu": [
        "x64",
        "arm64"
      ],
      "license": "MIT",
      "os": [
        "darwin",
        "linux",
        "win32",
        "android"
      ],
      "dependencies": {
        "ffi-rs": "^1.0.0"
      },
      "engines": {
        "node": ">=18.0.0"
      },
      "optionalDependencies": {
        "@ff-labs/fff-bin-android-arm64": "0.10.6",
        "@ff-labs/fff-bin-darwin-arm64": "0.10.6",
        "@ff-labs/fff-bin-darwin-x64": "0.10.6",
        "@ff-labs/fff-bin-linux-arm64-gnu": "0.10.6",
        "@ff-labs/fff-bin-linux-arm64-musl": "0.10.6",
        "@ff-labs/fff-bin-linux-x64-gnu": "0.10.6",
        "@ff-labs/fff-bin-linux-x64-musl": "0.10.6",
        "@ff-labs/fff-bin-win32-arm64": "0.10.6",
        "@ff-labs/fff-bin-win32-x64": "0.10.6"
      }
    },
    "node_modules/@ff-labs/pi-fff": {
      "version": "0.10.6",
      "resolved": "https://registry.npmjs.org/@ff-labs/pi-fff/-/pi-fff-0.10.6.tgz",
      "integrity": "sha512-qr9cxICHD95p+vqU2EpTdkAOKquKQa6Hz60xk+BEP41M2Ym6r56p1YcIgPpCiv3nTRBkJAD2TKDBo8t9QPe4Pg==",
      "license": "MIT",
      "dependencies": {
        "@ff-labs/fff-bun": "0.10.6",
        "@ff-labs/fff-node": "0.10.6"
      },
      "peerDependencies": {
        "@earendil-works/pi-coding-agent": "*",
        "@earendil-works/pi-tui": "*",
        "@sinclair/typebox": "*"
      }
    },
    "node_modules/@yuuang/ffi-rs-android-arm64": {
      "version": "1.3.7",
      "resolved": "https://registry.npmjs.org/@yuuang/ffi-rs-android-arm64/-/ffi-rs-android-arm64-1.3.7.tgz",
      "integrity": "sha512-t6Wx3Xll6c07Nuk0k3xnZsxKFxlshm92i0U/BiTHc6kQbvu+fMJF+gKsj4yEj886jH51CM3EqZT9Xdhq9CdUVw==",
      "cpu": [
        "arm64"
      ],
      "license": "MIT",
      "optional": true,
      "os": [
        "android"
      ],
      "engines": {
        "node": ">= 12"
      }
    },
    "node_modules/@yuuang/ffi-rs-darwin-arm64": {
      "version": "1.3.7",
      "resolved": "https://registry.npmjs.org/@yuuang/ffi-rs-darwin-arm64/-/ffi-rs-darwin-arm64-1.3.7.tgz",
      "integrity": "sha512-OueBlUFBT9IwD9pQnoYs0UszRBEySskfrEPXXfvKfGjL/DXnfn6kUheQ3oIP6sSmshVGNQUwrTCPo6feAa4QjA==",
      "cpu": [
        "arm64"
      ],
      "license": "MIT",
      "optional": true,
      "os": [
        "darwin"
      ],
      "engines": {
        "node": ">= 12"
      }
    },
    "node_modules/@yuuang/ffi-rs-darwin-x64": {
      "version": "1.3.7",
      "resolved": "https://registry.npmjs.org/@yuuang/ffi-rs-darwin-x64/-/ffi-rs-darwin-x64-1.3.7.tgz",
      "integrity": "sha512-x4mxXOKwSgwYx6OBAKrW+Ocp8um2KoPpUwaD0Z2tmR6EekoRvFGN7s/eEK1avqCxcsLN7/MzGOnCCFyGpOVfPA==",
      "cpu": [
        "x64"
      ],
      "license": "MIT",
      "optional": true,
      "os": [
        "darwin"
      ],
      "engines": {
        "node": ">= 12"
      }
    },
    "node_modules/@yuuang/ffi-rs-linux-arm-gnueabihf": {
      "version": "1.3.7",
      "resolved": "https://registry.npmjs.org/@yuuang/ffi-rs-linux-arm-gnueabihf/-/ffi-rs-linux-arm-gnueabihf-1.3.7.tgz",
      "integrity": "sha512-9r//Z022QYVoIAY458Dpk8HWkisk/y4NJC3d52RlkdsLD+9p0zn0cKKSoMF/xUsOWDFSmOf+cwU/Xadi/wxFMQ==",
      "cpu": [
        "arm"
      ],
      "license": "MIT",
      "optional": true,
      "os": [
        "linux"
      ],
      "engines": {
        "node": ">= 12"
      }
    },
    "node_modules/@yuuang/ffi-rs-linux-arm64-gnu": {
      "version": "1.3.7",
      "resolved": "https://registry.npmjs.org/@yuuang/ffi-rs-linux-arm64-gnu/-/ffi-rs-linux-arm64-gnu-1.3.7.tgz",
      "integrity": "sha512-nrW4MlFlyQInfxTsI5wtcIpbV4KlHLWo2BCk4CHIETlUT+PUspNFqDg+Byy7My3hpCZlXp0WsMVP/3N0LlybNw==",
      "cpu": [
        "arm64"
      ],
      "libc": [
        "glibc"
      ],
      "license": "MIT",
      "optional": true,
      "os": [
        "linux"
      ],
      "engines": {
        "node": ">= 12"
      }
    },
    "node_modules/@yuuang/ffi-rs-linux-arm64-musl": {
      "version": "1.3.7",
      "resolved": "https://registry.npmjs.org/@yuuang/ffi-rs-linux-arm64-musl/-/ffi-rs-linux-arm64-musl-1.3.7.tgz",
      "integrity": "sha512-eLLx4P8DzNnuPif19nAvKPaf88lSf6KFbDetH3nAIRZvI495h0jigN835Ayr7uAADssohGfO9MPMH33DXmFErA==",
      "cpu": [
        "arm64"
      ],
      "libc": [
        "musl"
      ],
      "license": "MIT",
      "optional": true,
      "os": [
        "linux"
      ],
      "engines": {
        "node": ">= 12"
      }
    },
    "node_modules/@yuuang/ffi-rs-linux-x64-gnu": {
      "version": "1.3.7",
      "resolved": "https://registry.npmjs.org/@yuuang/ffi-rs-linux-x64-gnu/-/ffi-rs-linux-x64-gnu-1.3.7.tgz",
      "integrity": "sha512-upEz1Q98T51x2In872fsjgHCJbE3e8r9JxhJD+5NvSMk6BpieYWRodTbsMxV6oKWmfl12loKwF2j4OBSWKl0lA==",
      "cpu": [
        "x64"
      ],
      "libc": [
        "glibc"
      ],
      "license": "MIT",
      "optional": true,
      "os": [
        "linux"
      ],
      "engines": {
        "node": ">= 12"
      }
    },
    "node_modules/@yuuang/ffi-rs-linux-x64-musl": {
      "version": "1.3.7",
      "resolved": "https://registry.npmjs.org/@yuuang/ffi-rs-linux-x64-musl/-/ffi-rs-linux-x64-musl-1.3.7.tgz",
      "integrity": "sha512-YOcOkIwVvIhpwuGJ428h15vpE0KnT3teFG0g2J31FrBxrVh9IH4HeTGXjelI3l9SI5gyiZDnD4PQnQ1U6oqTcA==",
      "cpu": [
        "x64"
      ],
      "libc": [
        "musl"
      ],
      "license": "MIT",
      "optional": true,
      "os": [
        "linux"
      ],
      "engines": {
        "node": ">= 12"
      }
    },
    "node_modules/@yuuang/ffi-rs-win32-arm64-msvc": {
      "version": "1.3.7",
      "resolved": "https://registry.npmjs.org/@yuuang/ffi-rs-win32-arm64-msvc/-/ffi-rs-win32-arm64-msvc-1.3.7.tgz",
      "integrity": "sha512-ZfYzLV1w7Mhzh9XRScEMpw9oazIEiwO+0+TYHHRL882d5oD0Q99YikmRhdifsoHCCQefKmWF/4BXCeFkzg8NFA==",
      "cpu": [
        "arm64"
      ],
      "license": "MIT",
      "optional": true,
      "os": [
        "win32"
      ],
      "engines": {
        "node": ">= 12"
      }
    },
    "node_modules/@yuuang/ffi-rs-win32-ia32-msvc": {
      "version": "1.3.7",
      "resolved": "https://registry.npmjs.org/@yuuang/ffi-rs-win32-ia32-msvc/-/ffi-rs-win32-ia32-msvc-1.3.7.tgz",
      "integrity": "sha512-ifYz+f+giKpT39lKWDru+om6QnA9J7J953ns60xHgB46ESZvPd/Y2W5+PesRNC9U+vnFEiLZ9CNC+R3fBWC1pg==",
      "cpu": [
        "x64",
        "ia32"
      ],
      "license": "MIT",
      "optional": true,
      "os": [
        "win32"
      ],
      "engines": {
        "node": ">= 12"
      }
    },
    "node_modules/@yuuang/ffi-rs-win32-x64-msvc": {
      "version": "1.3.7",
      "resolved": "https://registry.npmjs.org/@yuuang/ffi-rs-win32-x64-msvc/-/ffi-rs-win32-x64-msvc-1.3.7.tgz",
      "integrity": "sha512-H3s4wOLtZtKtmuPjUNE+bhnSKxxpXcuxG70jRC8dUMHqIm5iCvdoZ4XYDeq7/uUYlySerXFmRL4dAVCX/TUNTg==",
      "cpu": [
        "x64"
      ],
      "license": "MIT",
      "optional": true,
      "os": [
        "win32"
      ],
      "engines": {
        "node": ">= 12"
      }
    },
    "node_modules/ffi-rs": {
      "version": "1.3.7",
      "resolved": "https://registry.npmjs.org/ffi-rs/-/ffi-rs-1.3.7.tgz",
      "integrity": "sha512-5MMZQS2t/6f/ec3sx0f51gBcKGZPGfolPAW04lvLOSYnr7gmOKs8YzH1Rh+34WGO+VtcgcTuxaUUoJLcR4Tirg==",
      "license": "MIT",
      "optionalDependencies": {
        "@yuuang/ffi-rs-android-arm64": "1.3.7",
        "@yuuang/ffi-rs-darwin-arm64": "1.3.7",
        "@yuuang/ffi-rs-darwin-x64": "1.3.7",
        "@yuuang/ffi-rs-linux-arm-gnueabihf": "1.3.7",
        "@yuuang/ffi-rs-linux-arm64-gnu": "1.3.7",
        "@yuuang/ffi-rs-linux-arm64-musl": "1.3.7",
        "@yuuang/ffi-rs-linux-x64-gnu": "1.3.7",
        "@yuuang/ffi-rs-linux-x64-musl": "1.3.7",
        "@yuuang/ffi-rs-win32-arm64-msvc": "1.3.7",
        "@yuuang/ffi-rs-win32-ia32-msvc": "1.3.7",
        "@yuuang/ffi-rs-win32-x64-msvc": "1.3.7"
      }
    }
  }
}
